capnproto.org/go/capnp/v3 v3.0.0-alpha-29 h1:ICLhiy4Jmp0d7hLQO+HzFAVIft/oxpPAUPV8tqx+eUE=
capnproto.org/go/capnp/v3 v3.0.0-alpha-29/go.mod h1:+ysMHvOh1EWNOyorxJWs1omhRFiDoKxKkWQACp54jKM=
golang.org/x/sync v0.0.0-20201020160332-67f06af15bc9 h1:SQFwaSi55rU7vdNs9Yr0Z324VNlrF+0wMqRXT4St8ck=
golang.org/x/sync v0.0.0-20201020160332-67f06af15bc9/go.mod h1:RxMgew5VJxzue5/jJTE5uejpjVlOe/izrB70Jof72aM=
zenhack.net/go/util v0.0.0-20230414204917-531d38494cf5 h1:yksDCGMVzyn3vlyf0GZ3huiF5FFaMGQpQ3UJvR0EoGA=
zenhack.net/go/util v0.0.0-20230414204917-531d38494cf5/go.mod h1:1LtNdPAs8WH+BTcQiZAOo2MIKD/5jyK/u7sZ9ZPe5SE=
